
Microsoft Visual Studio Solution File, Format Version 12.00
# Visual Studio Version 16
VisualStudioVersion = 16.0.28803.452
MinimumVisualStudioVersion = 10.0.40219.1
Project("{FAE04EC0-301F-11D3-BF4B-00C04F79EFBC}") = "SafaricomHackathonQ2.Data", "SafaricomHackathonQ2.Data\SafaricomHackathonQ2.Data.csproj", "{CBCE7DB3-83C0-4FB9-ABFE-1CEFEEC0CB74}"
EndProject
Project("{FAE04EC0-301F-11D3-BF4B-00C04F79EFBC}") = "SafaricomHackathonQ2.Logic", "SafaricomHackathonQ2.Logig\SafaricomHackathonQ2.Logic.csproj", "{47731BCB-0AF6-40B1-9813-B6D9FAC7620F}"
EndProject
Project("{FAE04EC0-301F-11D3-BF4B-00C04F79EFBC}") = "SafaricomHackathonQ2.API", "SafaricomHackathonQ2.API\SafaricomHackathonQ2.API.csproj", "{02D5889C-D3C4-4EF7-A108-B381C5EC568D}"
EndProject
Project("{E53339B2-1760-4266-BCC7-CA923CBCF16C}") = "docker-compose", "docker-compose.dcproj", "{D53F8DD6-A45F-4F00-8304-9167697D5F81}"
EndProject
Global
	GlobalSection(SolutionConfigurationPlatforms) = preSolution
		Debug|Any CPU = Debug|Any CPU
		Release|Any CPU = Release|Any CPU
	EndGlobalSection
	GlobalSection(ProjectConfigurationPlatforms) = postSolution
		{CBCE7DB3-83C0-4FB9-ABFE-1CEFEEC0CB74}.Debug|Any CPU.ActiveCfg = Debug|Any CPU
		{CBCE7DB3-83C0-4FB9-ABFE-1CEFEEC0CB74}.Debug|Any CPU.Build.0 = Debug|Any CPU
		{CBCE7DB3-83C0-4FB9-ABFE-1CEFEEC0CB74}.Release|Any CPU.ActiveCfg = Release|Any CPU
		{CBCE7DB3-83C0-4FB9-ABFE-1CEFEEC0CB74}.Release|Any CPU.Build.0 = Release|Any CPU
		{47731BCB-0AF6-40B1-9813-B6D9FAC7620F}.Debug|Any CPU.ActiveCfg = Debug|Any CPU
		{47731BCB-0AF6-40B1-9813-B6D9FAC7620F}.Debug|Any CPU.Build.0 = Debug|Any CPU
		{47731BCB-0AF6-40B1-9813-B6D9FAC7620F}.Release|Any CPU.ActiveCfg = Release|Any CPU
		{47731BCB-0AF6-40B1-9813-B6D9FAC7620F}.Release|Any CPU.Build.0 = Release|Any CPU
		{02D5889C-D3C4-4EF7-A108-B381C5EC568D}.Debug|Any CPU.ActiveCfg = Debug|Any CPU
		{02D5889C-D3C4-4EF7-A108-B381C5EC568D}.Debug|Any CPU.Build.0 = Debug|Any CPU
		{02D5889C-D3C4-4EF7-A108-B381C5EC568D}.Release|Any CPU.ActiveCfg = Release|Any CPU
		{02D5889C-D3C4-4EF7-A108-B381C5EC568D}.Release|Any CPU.Build.0 = Release|Any CPU
		{D53F8DD6-A45F-4F00-8304-9167697D5F81}.Debug|Any CPU.ActiveCfg = Debug|Any CPU
		{D53F8DD6-A45F-4F00-8304-9167697D5F81}.Debug|Any CPU.Build.0 = Debug|Any CPU
		{D53F8DD6-A45F-4F00-8304-9167697D5F81}.Release|Any CPU.ActiveCfg = Release|Any CPU
		{D53F8DD6-A45F-4F00-8304-9167697D5F81}.Release|Any CPU.Build.0 = Release|Any CPU
	EndGlobalSection
	GlobalSection(SolutionProperties) = preSolution
		HideSolutionNode = FALSE
	EndGlobalSection
	GlobalSection(ExtensibilityGlobals) = postSolution
		SolutionGuid = {57556CA6-46C9-4B74-9005-82074B9997BC}
	EndGlobalSection
EndGlobal
